
Microsoft Visual Studio Solution File, Format Version 12.00
# Visual Studio Version 16
VisualStudioVersion = 16.0.30413.136
MinimumVisualStudioVersion = 10.0.40219.1
Project("{FAE04EC0-301F-11D3-BF4B-00C04F79EFBC}") = "RecruitCatWelshsr", "RecruitCatWelshsr.csproj", "{F7C49CC6-84EF-4353-B1A3-0C75277D1A29}"
EndProject
Global
	GlobalSection(SolutionConfigurationPlatforms) = preSolution
		Debug|Any CPU = Debug|Any CPU
		Release|Any CPU = Release|Any CPU
	EndGlobalSection
	GlobalSection(ProjectConfigurationPlatforms) = postSolution
		{F7C49CC6-84EF-4353-B1A3-0C75277D1A29}.Debug|Any CPU.ActiveCfg = Debug|Any CPU
		{F7C49CC6-84EF-4353-B1A3-0C75277D1A29}.Debug|Any CPU.Build.0 = Debug|Any CPU
		{F7C49CC6-84EF-4353-B1A3-0C75277D1A29}.Release|Any CPU.ActiveCfg = Release|Any CPU
		{F7C49CC6-84EF-4353-B1A3-0C75277D1A29}.Release|Any CPU.Build.0 = Release|Any CPU
	EndGlobalSection
	GlobalSection(SolutionProperties) = preSolution
		HideSolutionNode = FALSE
	EndGlobalSection
	GlobalSection(ExtensibilityGlobals) = postSolution
		SolutionGuid = {290D1143-A737-4C83-84E1-8461458418AA}
	EndGlobalSection
EndGlobal
